
Microsoft Visual Studio Solution File, Format Version 12.00
# Visual Studio Version 17
VisualStudioVersion = 17.0.31912.275
MinimumVisualStudioVersion = 10.0.40219.1
Project("{FAE04EC0-301F-11D3-BF4B-00C04F79EFBC}") = "ECommerceSample", "ECommerceSample\ECommerceSample.csproj", "{07C8EBF8-E406-4567-A23D-E2BDF793729E}"
EndProject
Project("{FAE04EC0-301F-11D3-BF4B-00C04F79EFBC}") = "ECommerceSample.DAL", "ECommerceSample.DAL\ECommerceSample.DAL.csproj", "{47C61B57-F150-4883-9211-B7177BE87931}"
EndProject
Project("{FAE04EC0-301F-11D3-BF4B-00C04F79EFBC}") = "ECommerceSample.Core", "ECommerceSample.Core\ECommerceSample.Core.csproj", "{D3B41F65-CF0B-44E1-A4C4-F524E909644A}"
EndProject
Global
	GlobalSection(SolutionConfigurationPlatforms) = preSolution
		Debug|Any CPU = Debug|Any CPU
		Release|Any CPU = Release|Any CPU
	EndGlobalSection
	GlobalSection(ProjectConfigurationPlatforms) = postSolution
		{07C8EBF8-E406-4567-A23D-E2BDF793729E}.Debug|Any CPU.ActiveCfg = Debug|Any CPU
		{07C8EBF8-E406-4567-A23D-E2BDF793729E}.Debug|Any CPU.Build.0 = Debug|Any CPU
		{07C8EBF8-E406-4567-A23D-E2BDF793729E}.Release|Any CPU.ActiveCfg = Release|Any CPU
		{07C8EBF8-E406-4567-A23D-E2BDF793729E}.Release|Any CPU.Build.0 = Release|Any CPU
		{47C61B57-F150-4883-9211-B7177BE87931}.Debug|Any CPU.ActiveCfg = Debug|Any CPU
		{47C61B57-F150-4883-9211-B7177BE87931}.Debug|Any CPU.Build.0 = Debug|Any CPU
		{47C61B57-F150-4883-9211-B7177BE87931}.Release|Any CPU.ActiveCfg = Release|Any CPU
		{47C61B57-F150-4883-9211-B7177BE87931}.Release|Any CPU.Build.0 = Release|Any CPU
		{D3B41F65-CF0B-44E1-A4C4-F524E909644A}.Debug|Any CPU.ActiveCfg = Debug|Any CPU
		{D3B41F65-CF0B-44E1-A4C4-F524E909644A}.Debug|Any CPU.Build.0 = Debug|Any CPU
		{D3B41F65-CF0B-44E1-A4C4-F524E909644A}.Release|Any CPU.ActiveCfg = Release|Any CPU
		{D3B41F65-CF0B-44E1-A4C4-F524E909644A}.Release|Any CPU.Build.0 = Release|Any CPU
	EndGlobalSection
	GlobalSection(SolutionProperties) = preSolution
		HideSolutionNode = FALSE
	EndGlobalSection
	GlobalSection(ExtensibilityGlobals) = postSolution
		SolutionGuid = {E58C12E2-574A-4C1C-8335-2AF1AF0BBF64}
	EndGlobalSection
EndGlobal
